// !$*UTF8*$!
{
	archiveVersion = 1;
	classes = {
	};
	objectVersion = 56;
	objects = {

/* Begin PBXBuildFile section */
		AE48AD8D2B0C358700829A79 /* LocationsTests.swift in Sources */ = {isa = PBXBuildFile; fileRef = AE48AD8C2B0C358700829A79 /* LocationsTests.swift */; };
		AE48AD972B0C358700829A79 /* LocationsUITests.swift in Sources */ = {isa = PBXBuildFile; fileRef = AE48AD962B0C358700829A79 /* LocationsUITests.swift */; };
		AE48AD992B0C358700829A79 /* LocationsUITestsLaunchTests.swift in Sources */ = {isa = PBXBuildFile; fileRef = AE48AD982B0C358700829A79 /* LocationsUITestsLaunchTests.swift */; };
		AE48ADAA2B0C382200829A79 /* Agency.swift in Sources */ = {isa = PBXBuildFile; fileRef = AE48ADA92B0C382200829A79 /* Agency.swift */; };
		AE48ADAE2B0C3A4700829A79 /* Stars.swift in Sources */ = {isa = PBXBuildFile; fileRef = AE48ADAD2B0C3A4700829A79 /* Stars.swift */; };
		AE48ADB02B0C3D2B00829A79 /* Coordinates.swift in Sources */ = {isa = PBXBuildFile; fileRef = AE48ADAF2B0C3D2B00829A79 /* Coordinates.swift */; };
		AE48ADB42B0C523600829A79 /* AgenciesDataSources.swift in Sources */ = {isa = PBXBuildFile; fileRef = AE48ADB32B0C523600829A79 /* AgenciesDataSources.swift */; };
		AE510FE12B104888008584B2 /* JSONLoader.swift in Sources */ = {isa = PBXBuildFile; fileRef = AE510FE02B104888008584B2 /* JSONLoader.swift */; };
		AE510FE92B1048BD008584B2 /* Colors.xcassets in Resources */ = {isa = PBXBuildFile; fileRef = AE510FE42B1048BD008584B2 /* Colors.xcassets */; };
		AE510FEA2B1048BD008584B2 /* Colors.swift in Sources */ = {isa = PBXBuildFile; fileRef = AE510FE52B1048BD008584B2 /* Colors.swift */; };
		AE510FEB2B1048BD008584B2 /* Assets.xcassets in Resources */ = {isa = PBXBuildFile; fileRef = AE510FE72B1048BD008584B2 /* Assets.xcassets */; };
		AE510FEC2B1048BD008584B2 /* Icons.swift in Sources */ = {isa = PBXBuildFile; fileRef = AE510FE82B1048BD008584B2 /* Icons.swift */; };
		AE510FEF2B1048F3008584B2 /* LocationsApp.swift in Sources */ = {isa = PBXBuildFile; fileRef = AE510FEE2B1048F3008584B2 /* LocationsApp.swift */; };
		AE510FF52B104916008584B2 /* AgenciesMapView.swift in Sources */ = {isa = PBXBuildFile; fileRef = AE510FF22B104916008584B2 /* AgenciesMapView.swift */; };
		AE510FFE2B104BC2008584B2 /* AgenciesMapViewModelFactory.swift in Sources */ = {isa = PBXBuildFile; fileRef = AE510FFD2B104BC2008584B2 /* AgenciesMapViewModelFactory.swift */; };
		AE5110002B104BE2008584B2 /* ViewModelsFactory.swift in Sources */ = {isa = PBXBuildFile; fileRef = AE510FFF2B104BE2008584B2 /* ViewModelsFactory.swift */; };
		AE5110032B104C12008584B2 /* AgencyMapViewModel.swift in Sources */ = {isa = PBXBuildFile; fileRef = AE5110012B104C12008584B2 /* AgencyMapViewModel.swift */; };
		AE5110042B104C12008584B2 /* AgenciesMapViewModel.swift in Sources */ = {isa = PBXBuildFile; fileRef = AE5110022B104C12008584B2 /* AgenciesMapViewModel.swift */; };
		AE5110072B104D2D008584B2 /* CoreNavigationView.swift in Sources */ = {isa = PBXBuildFile; fileRef = AE5110062B104D2D008584B2 /* CoreNavigationView.swift */; };
		AE5110092B104DDF008584B2 /* AgencyDetailView.swift in Sources */ = {isa = PBXBuildFile; fileRef = AE5110082B104DDF008584B2 /* AgencyDetailView.swift */; };
		AE70EDCE2B1386FB00E5FF61 /* AgencyDetailViewModel.swift in Sources */ = {isa = PBXBuildFile; fileRef = AE70EDCD2B1386FB00E5FF61 /* AgencyDetailViewModel.swift */; };
		AE70EDD12B1387FA00E5FF61 /* Spacing.swift in Sources */ = {isa = PBXBuildFile; fileRef = AE70EDD02B1387FA00E5FF61 /* Spacing.swift */; };
		AE70EDD32B13B06A00E5FF61 /* Padding.swift in Sources */ = {isa = PBXBuildFile; fileRef = AE70EDD22B13B06A00E5FF61 /* Padding.swift */; };
		AE70EDD62B140B9F00E5FF61 /* Theme.swift in Sources */ = {isa = PBXBuildFile; fileRef = AE70EDD52B140B9F00E5FF61 /* Theme.swift */; };
		AE70EDDD2B14111E00E5FF61 /* ThemeSelector.swift in Sources */ = {isa = PBXBuildFile; fileRef = AE70EDDC2B14111E00E5FF61 /* ThemeSelector.swift */; };
		AE70EDDE2B142CE000E5FF61 /* DefaultTheme.swift in Sources */ = {isa = PBXBuildFile; fileRef = AE70EDD72B140D0500E5FF61 /* DefaultTheme.swift */; };
		AE70EDE02B142D1900E5FF61 /* AgenciesMapTheme.swift in Sources */ = {isa = PBXBuildFile; fileRef = AE70EDDF2B142D1900E5FF61 /* AgenciesMapTheme.swift */; };
		AE70EDE42B143B9E00E5FF61 /* ThemeFactory.swift in Sources */ = {isa = PBXBuildFile; fileRef = AE70EDE32B143B9E00E5FF61 /* ThemeFactory.swift */; };
/* End PBXBuildFile section */

/* Begin PBXContainerItemProxy section */
		AE48AD892B0C358700829A79 /* PBXContainerItemProxy */ = {
			isa = PBXContainerItemProxy;
			containerPortal = AE48AD702B0C358600829A79 /* Project object */;
			proxyType = 1;
			remoteGlobalIDString = AE48AD772B0C358600829A79;
			remoteInfo = Locations;
		};
		AE48AD932B0C358700829A79 /* PBXContainerItemProxy */ = {
			isa = PBXContainerItemProxy;
			containerPortal = AE48AD702B0C358600829A79 /* Project object */;
			proxyType = 1;
			remoteGlobalIDString = AE48AD772B0C358600829A79;
			remoteInfo = Locations;
		};
/* End PBXContainerItemProxy section */

/* Begin PBXFileReference section */
		AE48AD782B0C358600829A79 /* Locations.app */ = {isa = PBXFileReference; explicitFileType = wrapper.application; includeInIndex = 0; path = Locations.app; sourceTree = BUILT_PRODUCTS_DIR; };
		AE48AD882B0C358700829A79 /* LocationsTests.xctest */ = {isa = PBXFileReference; explicitFileType = wrapper.cfbundle; includeInIndex = 0; path = LocationsTests.xctest; sourceTree = BUILT_PRODUCTS_DIR; };
		AE48AD8C2B0C358700829A79 /* LocationsTests.swift */ = {isa = PBXFileReference; lastKnownFileType = sourcecode.swift; path = LocationsTests.swift; sourceTree = "<group>"; };
		AE48AD922B0C358700829A79 /* LocationsUITests.xctest */ = {isa = PBXFileReference; explicitFileType = wrapper.cfbundle; includeInIndex = 0; path = LocationsUITests.xctest; sourceTree = BUILT_PRODUCTS_DIR; };
		AE48AD962B0C358700829A79 /* LocationsUITests.swift */ = {isa = PBXFileReference; lastKnownFileType = sourcecode.swift; path = LocationsUITests.swift; sourceTree = "<group>"; };
		AE48AD982B0C358700829A79 /* LocationsUITestsLaunchTests.swift */ = {isa = PBXFileReference; lastKnownFileType = sourcecode.swift; path = LocationsUITestsLaunchTests.swift; sourceTree = "<group>"; };
		AE48ADA92B0C382200829A79 /* Agency.swift */ = {isa = PBXFileReference; lastKnownFileType = sourcecode.swift; path = Agency.swift; sourceTree = "<group>"; };
		AE48ADAD2B0C3A4700829A79 /* Stars.swift */ = {isa = PBXFileReference; lastKnownFileType = sourcecode.swift; path = Stars.swift; sourceTree = "<group>"; };
		AE48ADAF2B0C3D2B00829A79 /* Coordinates.swift */ = {isa = PBXFileReference; lastKnownFileType = sourcecode.swift; path = Coordinates.swift; sourceTree = "<group>"; };
		AE48ADB32B0C523600829A79 /* AgenciesDataSources.swift */ = {isa = PBXFileReference; lastKnownFileType = sourcecode.swift; path = AgenciesDataSources.swift; sourceTree = "<group>"; };
		AE510FE02B104888008584B2 /* JSONLoader.swift */ = {isa = PBXFileReference; fileEncoding = 4; lastKnownFileType = sourcecode.swift; path = JSONLoader.swift; sourceTree = "<group>"; };
		AE510FE42B1048BD008584B2 /* Colors.xcassets */ = {isa = PBXFileReference; lastKnownFileType = folder.assetcatalog; path = Colors.xcassets; sourceTree = "<group>"; };
		AE510FE52B1048BD008584B2 /* Colors.swift */ = {isa = PBXFileReference; fileEncoding = 4; lastKnownFileType = sourcecode.swift; path = Colors.swift; sourceTree = "<group>"; };
		AE510FE72B1048BD008584B2 /* Assets.xcassets */ = {isa = PBXFileReference; lastKnownFileType = folder.assetcatalog; path = Assets.xcassets; sourceTree = "<group>"; };
		AE510FE82B1048BD008584B2 /* Icons.swift */ = {isa = PBXFileReference; fileEncoding = 4; lastKnownFileType = sourcecode.swift; path = Icons.swift; sourceTree = "<group>"; };
		AE510FEE2B1048F3008584B2 /* LocationsApp.swift */ = {isa = PBXFileReference; fileEncoding = 4; lastKnownFileType = sourcecode.swift; path = LocationsApp.swift; sourceTree = "<group>"; };
		AE510FF22B104916008584B2 /* AgenciesMapView.swift */ = {isa = PBXFileReference; fileEncoding = 4; lastKnownFileType = sourcecode.swift; path = AgenciesMapView.swift; sourceTree = "<group>"; };
		AE510FFD2B104BC2008584B2 /* AgenciesMapViewModelFactory.swift */ = {isa = PBXFileReference; fileEncoding = 4; lastKnownFileType = sourcecode.swift; path = AgenciesMapViewModelFactory.swift; sourceTree = "<group>"; };
		AE510FFF2B104BE2008584B2 /* ViewModelsFactory.swift */ = {isa = PBXFileReference; lastKnownFileType = sourcecode.swift; path = ViewModelsFactory.swift; sourceTree = "<group>"; };
		AE5110012B104C12008584B2 /* AgencyMapViewModel.swift */ = {isa = PBXFileReference; fileEncoding = 4; lastKnownFileType = sourcecode.swift; path = AgencyMapViewModel.swift; sourceTree = "<group>"; };
		AE5110022B104C12008584B2 /* AgenciesMapViewModel.swift */ = {isa = PBXFileReference; fileEncoding = 4; lastKnownFileType = sourcecode.swift; path = AgenciesMapViewModel.swift; sourceTree = "<group>"; };
		AE5110062B104D2D008584B2 /* CoreNavigationView.swift */ = {isa = PBXFileReference; lastKnownFileType = sourcecode.swift; path = CoreNavigationView.swift; sourceTree = "<group>"; };
		AE5110082B104DDF008584B2 /* AgencyDetailView.swift */ = {isa = PBXFileReference; lastKnownFileType = sourcecode.swift; path = AgencyDetailView.swift; sourceTree = "<group>"; };
		AE70EDCD2B1386FB00E5FF61 /* AgencyDetailViewModel.swift */ = {isa = PBXFileReference; lastKnownFileType = sourcecode.swift; path = AgencyDetailViewModel.swift; sourceTree = "<group>"; };
		AE70EDD02B1387FA00E5FF61 /* Spacing.swift */ = {isa = PBXFileReference; lastKnownFileType = sourcecode.swift; path = Spacing.swift; sourceTree = "<group>"; };
		AE70EDD22B13B06A00E5FF61 /* Padding.swift */ = {isa = PBXFileReference; lastKnownFileType = sourcecode.swift; path = Padding.swift; sourceTree = "<group>"; };
		AE70EDD52B140B9F00E5FF61 /* Theme.swift */ = {isa = PBXFileReference; lastKnownFileType = sourcecode.swift; path = Theme.swift; sourceTree = "<group>"; };
		AE70EDD72B140D0500E5FF61 /* DefaultTheme.swift */ = {isa = PBXFileReference; lastKnownFileType = sourcecode.swift; path = DefaultTheme.swift; sourceTree = "<group>"; };
		AE70EDDC2B14111E00E5FF61 /* ThemeSelector.swift */ = {isa = PBXFileReference; lastKnownFileType = sourcecode.swift; path = ThemeSelector.swift; sourceTree = "<group>"; };
		AE70EDDF2B142D1900E5FF61 /* AgenciesMapTheme.swift */ = {isa = PBXFileReference; lastKnownFileType = sourcecode.swift; path = AgenciesMapTheme.swift; sourceTree = "<group>"; };
		AE70EDE32B143B9E00E5FF61 /* ThemeFactory.swift */ = {isa = PBXFileReference; lastKnownFileType = sourcecode.swift; path = ThemeFactory.swift; sourceTree = "<group>"; };
/* End PBXFileReference section */

/* Begin PBXFrameworksBuildPhase section */
		AE48AD752B0C358600829A79 /* Frameworks */ = {
			isa = PBXFrameworksBuildPhase;
			buildActionMask = 2147483647;
			files = (
			);
			runOnlyForDeploymentPostprocessing = 0;
		};
		AE48AD852B0C358700829A79 /* Frameworks */ = {
			isa = PBXFrameworksBuildPhase;
			buildActionMask = 2147483647;
			files = (
			);
			runOnlyForDeploymentPostprocessing = 0;
		};
		AE48AD8F2B0C358700829A79 /* Frameworks */ = {
			isa = PBXFrameworksBuildPhase;
			buildActionMask = 2147483647;
			files = (
			);
			runOnlyForDeploymentPostprocessing = 0;
		};
/* End PBXFrameworksBuildPhase section */

/* Begin PBXGroup section */
		AE48AD6F2B0C358600829A79 = {
			isa = PBXGroup;
			children = (
				AE48AD7A2B0C358600829A79 /* Locations */,
				AE48AD8B2B0C358700829A79 /* LocationsTests */,
				AE48AD952B0C358700829A79 /* LocationsUITests */,
				AE48AD792B0C358600829A79 /* Products */,
			);
			sourceTree = "<group>";
		};
		AE48AD792B0C358600829A79 /* Products */ = {
			isa = PBXGroup;
			children = (
				AE48AD782B0C358600829A79 /* Locations.app */,
				AE48AD882B0C358700829A79 /* LocationsTests.xctest */,
				AE48AD922B0C358700829A79 /* LocationsUITests.xctest */,
			);
			name = Products;
			sourceTree = "<group>";
		};
		AE48AD7A2B0C358600829A79 /* Locations */ = {
			isa = PBXGroup;
			children = (
				AE510FED2B1048F3008584B2 /* App */,
				AE48ADB22B0C521E00829A79 /* DataSource */,
				AE510FE22B1048BD008584B2 /* Design */,
				AE48ADA82B0C380700829A79 /* Entities */,
				AE5110052B104D0D008584B2 /* Navigation */,
				AE510FDF2B104888008584B2 /* Network */,
				AE510FF02B104916008584B2 /* Views */,
			);
			path = Locations;
			sourceTree = "<group>";
		};
		AE48AD8B2B0C358700829A79 /* LocationsTests */ = {
			isa = PBXGroup;
			children = (
				AE48AD8C2B0C358700829A79 /* LocationsTests.swift */,
			);
			path = LocationsTests;
			sourceTree = "<group>";
		};
		AE48AD952B0C358700829A79 /* LocationsUITests */ = {
			isa = PBXGroup;
			children = (
				AE48AD962B0C358700829A79 /* LocationsUITests.swift */,
				AE48AD982B0C358700829A79 /* LocationsUITestsLaunchTests.swift */,
			);
			path = LocationsUITests;
			sourceTree = "<group>";
		};
		AE48ADA82B0C380700829A79 /* Entities */ = {
			isa = PBXGroup;
			children = (
				AE48ADA92B0C382200829A79 /* Agency.swift */,
				AE48ADAD2B0C3A4700829A79 /* Stars.swift */,
				AE48ADAF2B0C3D2B00829A79 /* Coordinates.swift */,
			);
			path = Entities;
			sourceTree = "<group>";
		};
		AE48ADB22B0C521E00829A79 /* DataSource */ = {
			isa = PBXGroup;
			children = (
				AE48ADB32B0C523600829A79 /* AgenciesDataSources.swift */,
			);
			path = DataSource;
			sourceTree = "<group>";
		};
		AE510FDF2B104888008584B2 /* Network */ = {
			isa = PBXGroup;
			children = (
				AE510FE02B104888008584B2 /* JSONLoader.swift */,
			);
			path = Network;
			sourceTree = "<group>";
		};
		AE510FE22B1048BD008584B2 /* Design */ = {
			isa = PBXGroup;
			children = (
				AE70EDD42B140B8F00E5FF61 /* Theme */,
				AE70EDCF2B1387E700E5FF61 /* Layout */,
				AE510FE32B1048BD008584B2 /* Colors */,
				AE510FE62B1048BD008584B2 /* Icons */,
			);
			path = Design;
			sourceTree = "<group>";
		};
		AE510FE32B1048BD008584B2 /* Colors */ = {
			isa = PBXGroup;
			children = (
				AE510FE42B1048BD008584B2 /* Colors.xcassets */,
				AE510FE52B1048BD008584B2 /* Colors.swift */,
			);
			path = Colors;
			sourceTree = "<group>";
		};
		AE510FE62B1048BD008584B2 /* Icons */ = {
			isa = PBXGroup;
			children = (
				AE510FE72B1048BD008584B2 /* Assets.xcassets */,
				AE510FE82B1048BD008584B2 /* Icons.swift */,
			);
			path = Icons;
			sourceTree = "<group>";
		};
		AE510FED2B1048F3008584B2 /* App */ = {
			isa = PBXGroup;
			children = (
				AE510FEE2B1048F3008584B2 /* LocationsApp.swift */,
				AE510FFC2B104BC2008584B2 /* ViewModelsFactories */,
			);
			path = App;
			sourceTree = "<group>";
		};
		AE510FF02B104916008584B2 /* Views */ = {
			isa = PBXGroup;
			children = (
				AE51100A2B104DEA008584B2 /* AgencyDetail */,
				AE510FF12B104916008584B2 /* AgenciesMap */,
			);
			path = Views;
			sourceTree = "<group>";
		};
		AE510FF12B104916008584B2 /* AgenciesMap */ = {
			isa = PBXGroup;
			children = (
				AE510FF22B104916008584B2 /* AgenciesMapView.swift */,
				AE5110022B104C12008584B2 /* AgenciesMapViewModel.swift */,
				AE5110012B104C12008584B2 /* AgencyMapViewModel.swift */,
			);
			path = AgenciesMap;
			sourceTree = "<group>";
		};
		AE510FFC2B104BC2008584B2 /* ViewModelsFactories */ = {
			isa = PBXGroup;
			children = (
				AE510FFD2B104BC2008584B2 /* AgenciesMapViewModelFactory.swift */,
				AE70EDE32B143B9E00E5FF61 /* ThemeFactory.swift */,
				AE510FFF2B104BE2008584B2 /* ViewModelsFactory.swift */,
			);
			path = ViewModelsFactories;
			sourceTree = "<group>";
		};
		AE5110052B104D0D008584B2 /* Navigation */ = {
			isa = PBXGroup;
			children = (
				AE5110062B104D2D008584B2 /* CoreNavigationView.swift */,
			);
			path = Navigation;
			sourceTree = "<group>";
		};
		AE51100A2B104DEA008584B2 /* AgencyDetail */ = {
			isa = PBXGroup;
			children = (
				AE5110082B104DDF008584B2 /* AgencyDetailView.swift */,
				AE70EDCD2B1386FB00E5FF61 /* AgencyDetailViewModel.swift */,
			);
			path = AgencyDetail;
			sourceTree = "<group>";
		};
		AE70EDCF2B1387E700E5FF61 /* Layout */ = {
			isa = PBXGroup;
			children = (
				AE70EDD02B1387FA00E5FF61 /* Spacing.swift */,
				AE70EDD22B13B06A00E5FF61 /* Padding.swift */,
			);
			path = Layout;
			sourceTree = "<group>";
		};
		AE70EDD42B140B8F00E5FF61 /* Theme */ = {
			isa = PBXGroup;
			children = (
				AE70EDE22B142EE400E5FF61 /* DefaultTheme */,
				AE70EDE12B142D3C00E5FF61 /* SubThemes */,
				AE70EDD52B140B9F00E5FF61 /* Theme.swift */,
				AE70EDDC2B14111E00E5FF61 /* ThemeSelector.swift */,
			);
			path = Theme;
			sourceTree = "<group>";
		};
		AE70EDE12B142D3C00E5FF61 /* SubThemes */ = {
			isa = PBXGroup;
			children = (
				AE70EDDF2B142D1900E5FF61 /* AgenciesMapTheme.swift */,
			);
			path = SubThemes;
			sourceTree = "<group>";
		};
		AE70EDE22B142EE400E5FF61 /* DefaultTheme */ = {
			isa = PBXGroup;
			children = (
				AE70EDD72B140D0500E5FF61 /* DefaultTheme.swift */,
			);
			path = DefaultTheme;
			sourceTree = "<group>";
		};
/* End PBXGroup section */

/* Begin PBXNativeTarget section */
		AE48AD772B0C358600829A79 /* Locations */ = {
			isa = PBXNativeTarget;
			buildConfigurationList = AE48AD9C2B0C358700829A79 /* Build configuration list for PBXNativeTarget "Locations" */;
			buildPhases = (
				AE48AD742B0C358600829A79 /* Sources */,
				AE48AD752B0C358600829A79 /* Frameworks */,
				AE48AD762B0C358600829A79 /* Resources */,
			);
			buildRules = (
			);
			dependencies = (
			);
			name = Locations;
			productName = Locations;
			productReference = AE48AD782B0C358600829A79 /* Locations.app */;
			productType = "com.apple.product-type.application";
		};
		AE48AD872B0C358700829A79 /* LocationsTests */ = {
			isa = PBXNativeTarget;
			buildConfigurationList = AE48AD9F2B0C358700829A79 /* Build configuration list for PBXNativeTarget "LocationsTests" */;
			buildPhases = (
				AE48AD842B0C358700829A79 /* Sources */,
				AE48AD852B0C358700829A79 /* Frameworks */,
				AE48AD862B0C358700829A79 /* Resources */,
			);
			buildRules = (
			);
			dependencies = (
				AE48AD8A2B0C358700829A79 /* PBXTargetDependency */,
			);
			name = LocationsTests;
			productName = LocationsTests;
			productReference = AE48AD882B0C358700829A79 /* LocationsTests.xctest */;
			productType = "com.apple.product-type.bundle.unit-test";
		};
		AE48AD912B0C358700829A79 /* LocationsUITests */ = {
			isa = PBXNativeTarget;
			buildConfigurationList = AE48ADA22B0C358700829A79 /* Build configuration list for PBXNativeTarget "LocationsUITests" */;
			buildPhases = (
				AE48AD8E2B0C358700829A79 /* Sources */,
				AE48AD8F2B0C358700829A79 /* Frameworks */,
				AE48AD902B0C358700829A79 /* Resources */,
			);
			buildRules = (
			);
			dependencies = (
				AE48AD942B0C358700829A79 /* PBXTargetDependency */,
			);
			name = LocationsUITests;
			productName = LocationsUITests;
			productReference = AE48AD922B0C358700829A79 /* LocationsUITests.xctest */;
			productType = "com.apple.product-type.bundle.ui-testing";
		};
/* End PBXNativeTarget section */

/* Begin PBXProject section */
		AE48AD702B0C358600829A79 /* Project object */ = {
			isa = PBXProject;
			attributes = {
				BuildIndependentTargetsInParallel = 1;
				LastSwiftUpdateCheck = 1500;
				LastUpgradeCheck = 1500;
				TargetAttributes = {
					AE48AD772B0C358600829A79 = {
						CreatedOnToolsVersion = 15.0.1;
					};
					AE48AD872B0C358700829A79 = {
						CreatedOnToolsVersion = 15.0.1;
						TestTargetID = AE48AD772B0C358600829A79;
					};
					AE48AD912B0C358700829A79 = {
						CreatedOnToolsVersion = 15.0.1;
						TestTargetID = AE48AD772B0C358600829A79;
					};
				};
			};
			buildConfigurationList = AE48AD732B0C358600829A79 /* Build configuration list for PBXProject "Locations" */;
			compatibilityVersion = "Xcode 14.0";
			developmentRegion = en;
			hasScannedForEncodings = 0;
			knownRegions = (
				en,
				Base,
			);
			mainGroup = AE48AD6F2B0C358600829A79;
			productRefGroup = AE48AD792B0C358600829A79 /* Products */;
			projectDirPath = "";
			projectRoot = "";
			targets = (
				AE48AD772B0C358600829A79 /* Locations */,
				AE48AD872B0C358700829A79 /* LocationsTests */,
				AE48AD912B0C358700829A79 /* LocationsUITests */,
			);
		};
/* End PBXProject section */

/* Begin PBXResourcesBuildPhase section */
		AE48AD762B0C358600829A79 /* Resources */ = {
			isa = PBXResourcesBuildPhase;
			buildActionMask = 2147483647;
			files = (
				AE510FEB2B1048BD008584B2 /* Assets.xcassets in Resources */,
				AE510FE92B1048BD008584B2 /* Colors.xcassets in Resources */,
			);
			runOnlyForDeploymentPostprocessing = 0;
		};
		AE48AD862B0C358700829A79 /* Resources */ = {
			isa = PBXResourcesBuildPhase;
			buildActionMask = 2147483647;
			files = (
			);
			runOnlyForDeploymentPostprocessing = 0;
		};
		AE48AD902B0C358700829A79 /* Resources */ = {
			isa = PBXResourcesBuildPhase;
			buildActionMask = 2147483647;
			files = (
			);
			runOnlyForDeploymentPostprocessing = 0;
		};
/* End PBXResourcesBuildPhase section */

/* Begin PBXSourcesBuildPhase section */
		AE48AD742B0C358600829A79 /* Sources */ = {
			isa = PBXSourcesBuildPhase;
			buildActionMask = 2147483647;
			files = (
				AE70EDDE2B142CE000E5FF61 /* DefaultTheme.swift in Sources */,
				AE510FEA2B1048BD008584B2 /* Colors.swift in Sources */,
				AE510FF52B104916008584B2 /* AgenciesMapView.swift in Sources */,
				AE70EDE42B143B9E00E5FF61 /* ThemeFactory.swift in Sources */,
				AE48ADB42B0C523600829A79 /* AgenciesDataSources.swift in Sources */,
				AE510FEF2B1048F3008584B2 /* LocationsApp.swift in Sources */,
				AE70EDD12B1387FA00E5FF61 /* Spacing.swift in Sources */,
				AE48ADAE2B0C3A4700829A79 /* Stars.swift in Sources */,
				AE5110002B104BE2008584B2 /* ViewModelsFactory.swift in Sources */,
				AE48ADB02B0C3D2B00829A79 /* Coordinates.swift in Sources */,
				AE70EDE02B142D1900E5FF61 /* AgenciesMapTheme.swift in Sources */,
				AE5110092B104DDF008584B2 /* AgencyDetailView.swift in Sources */,
				AE510FEC2B1048BD008584B2 /* Icons.swift in Sources */,
				AE510FFE2B104BC2008584B2 /* AgenciesMapViewModelFactory.swift in Sources */,
				AE70EDD32B13B06A00E5FF61 /* Padding.swift in Sources */,
				AE5110032B104C12008584B2 /* AgencyMapViewModel.swift in Sources */,
				AE70EDDD2B14111E00E5FF61 /* ThemeSelector.swift in Sources */,
				AE70EDD62B140B9F00E5FF61 /* Theme.swift in Sources */,
				AE5110072B104D2D008584B2 /* CoreNavigationView.swift in Sources */,
				AE70EDCE2B1386FB00E5FF61 /* AgencyDetailViewModel.swift in Sources */,
				AE5110042B104C12008584B2 /* AgenciesMapViewModel.swift in Sources */,
				AE48ADAA2B0C382200829A79 /* Agency.swift in Sources */,
				AE510FE12B104888008584B2 /* JSONLoader.swift in Sources */,
			);
			runOnlyForDeploymentPostprocessing = 0;
		};
		AE48AD842B0C358700829A79 /* Sources */ = {
			isa = PBXSourcesBuildPhase;
			buildActionMask = 2147483647;
			files = (
				AE48AD8D2B0C358700829A79 /* LocationsTests.swift in Sources */,
			);
			runOnlyForDeploymentPostprocessing = 0;
		};
		AE48AD8E2B0C358700829A79 /* Sources */ = {
			isa = PBXSourcesBuildPhase;
			buildActionMask = 2147483647;
			files = (
				AE48AD972B0C358700829A79 /* LocationsUITests.swift in Sources */,
				AE48AD992B0C358700829A79 /* LocationsUITestsLaunchTests.swift in Sources */,
			);
			runOnlyForDeploymentPostprocessing = 0;
		};
/* End PBXSourcesBuildPhase section */

/* Begin PBXTargetDependency section */
		AE48AD8A2B0C358700829A79 /* PBXTargetDependency */ = {
			isa = PBXTargetDependency;
			target = AE48AD772B0C358600829A79 /* Locations */;
			targetProxy = AE48AD892B0C358700829A79 /* PBXContainerItemProxy */;
		};
		AE48AD942B0C358700829A79 /* PBXTargetDependency */ = {
			isa = PBXTargetDependency;
			target = AE48AD772B0C358600829A79 /* Locations */;
			targetProxy = AE48AD932B0C358700829A79 /* PBXContainerItemProxy */;
		};
/* End PBXTargetDependency section */

/* Begin XCBuildConfiguration section */
		AE48AD9A2B0C358700829A79 /* Debug */ = {
			isa = XCBuildConfiguration;
			buildSettings = {
				ALWAYS_SEARCH_USER_PATHS = NO;
				ASSETCATALOG_COMPILER_GENERATE_SWIFT_ASSET_SYMBOL_EXTENSIONS = YES;
				CLANG_ANALYZER_NONNULL = YES;
				CLANG_ANALYZER_NUMBER_OBJECT_CONVERSION = YES_AGGRESSIVE;
				CLANG_CXX_LANGUAGE_STANDARD = "gnu++20";
				CLANG_ENABLE_MODULES = YES;
				CLANG_ENABLE_OBJC_ARC = YES;
				CLANG_ENABLE_OBJC_WEAK = YES;
				CLANG_WARN_BLOCK_CAPTURE_AUTORELEASING = YES;
				CLANG_WARN_BOOL_CONVERSION = YES;
				CLANG_WARN_COMMA = YES;
				CLANG_WARN_CONSTANT_CONVERSION = YES;
				CLANG_WARN_DEPRECATED_OBJC_IMPLEMENTATIONS = YES;
				CLANG_WARN_DIRECT_OBJC_ISA_USAGE = YES_ERROR;
				CLANG_WARN_DOCUMENTATION_COMMENTS = YES;
				CLANG_WARN_EMPTY_BODY = YES;
				CLANG_WARN_ENUM_CONVERSION = YES;
				CLANG_WARN_INFINITE_RECURSION = YES;
				CLANG_WARN_INT_CONVERSION = YES;
				CLANG_WARN_NON_LITERAL_NULL_CONVERSION = YES;
				CLANG_WARN_OBJC_IMPLICIT_RETAIN_SELF = YES;
				CLANG_WARN_OBJC_LITERAL_CONVERSION = YES;
				CLANG_WARN_OBJC_ROOT_CLASS = YES_ERROR;
				CLANG_WARN_QUOTED_INCLUDE_IN_FRAMEWORK_HEADER = YES;
				CLANG_WARN_RANGE_LOOP_ANALYSIS = YES;
				CLANG_WARN_STRICT_PROTOTYPES = YES;
				CLANG_WARN_SUSPICIOUS_MOVE = YES;
				CLANG_WARN_UNGUARDED_AVAILABILITY = YES_AGGRESSIVE;
				CLANG_WARN_UNREACHABLE_CODE = YES;
				CLANG_WARN__DUPLICATE_METHOD_MATCH = YES;
				COPY_PHASE_STRIP = NO;
				DEBUG_INFORMATION_FORMAT = dwarf;
				ENABLE_STRICT_OBJC_MSGSEND = YES;
				ENABLE_TESTABILITY = YES;
				ENABLE_USER_SCRIPT_SANDBOXING = YES;
				GCC_C_LANGUAGE_STANDARD = gnu17;
				GCC_DYNAMIC_NO_PIC = NO;
				GCC_NO_COMMON_BLOCKS = YES;
				GCC_OPTIMIZATION_LEVEL = 0;
				GCC_PREPROCESSOR_DEFINITIONS = (
					"DEBUG=1",
					"$(inherited)",
				);
				GCC_WARN_64_TO_32_BIT_CONVERSION = YES;
				GCC_WARN_ABOUT_RETURN_TYPE = YES_ERROR;
				GCC_WARN_UNDECLARED_SELECTOR = YES;
				GCC_WARN_UNINITIALIZED_AUTOS = YES_AGGRESSIVE;
				GCC_WARN_UNUSED_FUNCTION = YES;
				GCC_WARN_UNUSED_VARIABLE = YES;
				IPHONEOS_DEPLOYMENT_TARGET = 17.0;
				LOCALIZATION_PREFERS_STRING_CATALOGS = YES;
				MTL_ENABLE_DEBUG_INFO = INCLUDE_SOURCE;
				MTL_FAST_MATH = YES;
				ONLY_ACTIVE_ARCH = YES;
				SDKROOT = iphoneos;
				SWIFT_ACTIVE_COMPILATION_CONDITIONS = "DEBUG $(inherited)";
				SWIFT_OPTIMIZATION_LEVEL = "-Onone";
			};
			name = Debug;
		};
		AE48AD9B2B0C358700829A79 /* Release */ = {
			isa = XCBuildConfiguration;
			buildSettings = {
				ALWAYS_SEARCH_USER_PATHS = NO;
				ASSETCATALOG_COMPILER_GENERATE_SWIFT_ASSET_SYMBOL_EXTENSIONS = YES;
				CLANG_ANALYZER_NONNULL = YES;
				CLANG_ANALYZER_NUMBER_OBJECT_CONVERSION = YES_AGGRESSIVE;
				CLANG_CXX_LANGUAGE_STANDARD = "gnu++20";
				CLANG_ENABLE_MODULES = YES;
				CLANG_ENABLE_OBJC_ARC = YES;
				CLANG_ENABLE_OBJC_WEAK = YES;
				CLANG_WARN_BLOCK_CAPTURE_AUTORELEASING = YES;
				CLANG_WARN_BOOL_CONVERSION = YES;
				CLANG_WARN_COMMA = YES;
				CLANG_WARN_CONSTANT_CONVERSION = YES;
				CLANG_WARN_DEPRECATED_OBJC_IMPLEMENTATIONS = YES;
				CLANG_WARN_DIRECT_OBJC_ISA_USAGE = YES_ERROR;
				CLANG_WARN_DOCUMENTATION_COMMENTS = YES;
				CLANG_WARN_EMPTY_BODY = YES;
				CLANG_WARN_ENUM_CONVERSION = YES;
				CLANG_WARN_INFINITE_RECURSION = YES;
				CLANG_WARN_INT_CONVERSION = YES;
				CLANG_WARN_NON_LITERAL_NULL_CONVERSION = YES;
				CLANG_WARN_OBJC_IMPLICIT_RETAIN_SELF = YES;
				CLANG_WARN_OBJC_LITERAL_CONVERSION = YES;
				CLANG_WARN_OBJC_ROOT_CLASS = YES_ERROR;
				CLANG_WARN_QUOTED_INCLUDE_IN_FRAMEWORK_HEADER = YES;
				CLANG_WARN_RANGE_LOOP_ANALYSIS = YES;
				CLANG_WARN_STRICT_PROTOTYPES = YES;
				CLANG_WARN_SUSPICIOUS_MOVE = YES;
				CLANG_WARN_UNGUARDED_AVAILABILITY = YES_AGGRESSIVE;
				CLANG_WARN_UNREACHABLE_CODE = YES;
				CLANG_WARN__DUPLICATE_METHOD_MATCH = YES;
				COPY_PHASE_STRIP = NO;
				DEBUG_INFORMATION_FORMAT = "dwarf-with-dsym";
				ENABLE_NS_ASSERTIONS = NO;
				ENABLE_STRICT_OBJC_MSGSEND = YES;
				ENABLE_USER_SCRIPT_SANDBOXING = YES;
				GCC_C_LANGUAGE_STANDARD = gnu17;
				GCC_NO_COMMON_BLOCKS = YES;
				GCC_WARN_64_TO_32_BIT_CONVERSION = YES;
				GCC_WARN_ABOUT_RETURN_TYPE = YES_ERROR;
				GCC_WARN_UNDECLARED_SELECTOR = YES;
				GCC_WARN_UNINITIALIZED_AUTOS = YES_AGGRESSIVE;
				GCC_WARN_UNUSED_FUNCTION = YES;
				GCC_WARN_UNUSED_VARIABLE = YES;
				IPHONEOS_DEPLOYMENT_TARGET = 17.0;
				LOCALIZATION_PREFERS_STRING_CATALOGS = YES;
				MTL_ENABLE_DEBUG_INFO = NO;
				MTL_FAST_MATH = YES;
				SDKROOT = iphoneos;
				SWIFT_COMPILATION_MODE = wholemodule;
				VALIDATE_PRODUCT = YES;
			};
			name = Release;
		};
		AE48AD9D2B0C358700829A79 /* Debug */ = {
			isa = XCBuildConfiguration;
			buildSettings = {
				ASSETCATALOG_COMPILER_APPICON_NAME = AppIcon;
				ASSETCATALOG_COMPILER_GLOBAL_ACCENT_COLOR_NAME = AccentColor;
				CODE_SIGN_STYLE = Automatic;
				CURRENT_PROJECT_VERSION = 1;
				DEVELOPMENT_TEAM = 3239Q57S3W;
				ENABLE_PREVIEWS = YES;
				GENERATE_INFOPLIST_FILE = YES;
				INFOPLIST_KEY_UIApplicationSceneManifest_Generation = YES;
				INFOPLIST_KEY_UIApplicationSupportsIndirectInputEvents = YES;
				INFOPLIST_KEY_UILaunchScreen_Generation = YES;
				INFOPLIST_KEY_UISupportedInterfaceOrientations_iPad = "UIInterfaceOrientationPortrait UIInterfaceOrientationPortraitUpsideDown UIInterfaceOrientationLandscapeLeft UIInterfaceOrientationLandscapeRight";
				INFOPLIST_KEY_UISupportedInterfaceOrientations_iPhone = "UIInterfaceOrientationPortrait UIInterfaceOrientationLandscapeLeft UIInterfaceOrientationLandscapeRight";
				LD_RUNPATH_SEARCH_PATHS = (
					"$(inherited)",
					"@executable_path/Frameworks",
				);
				MARKETING_VERSION = 1.0;
				PRODUCT_BUNDLE_IDENTIFIER = AnissaB.Locations;
				PRODUCT_NAME = "$(TARGET_NAME)";
				SWIFT_EMIT_LOC_STRINGS = YES;
				SWIFT_VERSION = 5.0;
				TARGETED_DEVICE_FAMILY = "1,2";
			};
			name = Debug;
		};
		AE48AD9E2B0C358700829A79 /* Release */ = {
			isa = XCBuildConfiguration;
			buildSettings = {
				ASSETCATALOG_COMPILER_APPICON_NAME = AppIcon;
				ASSETCATALOG_COMPILER_GLOBAL_ACCENT_COLOR_NAME = AccentColor;
				CODE_SIGN_STYLE = Automatic;
				CURRENT_PROJECT_VERSION = 1;
				DEVELOPMENT_TEAM = 3239Q57S3W;
				ENABLE_PREVIEWS = YES;
				GENERATE_INFOPLIST_FILE = YES;
				INFOPLIST_KEY_UIApplicationSceneManifest_Generation = YES;
				INFOPLIST_KEY_UIApplicationSupportsIndirectInputEvents = YES;
				INFOPLIST_KEY_UILaunchScreen_Generation = YES;
				INFOPLIST_KEY_UISupportedInterfaceOrientations_iPad = "UIInterfaceOrientationPortrait UIInterfaceOrientationPortraitUpsideDown UIInterfaceOrientationLandscapeLeft UIInterfaceOrientationLandscapeRight";
				INFOPLIST_KEY_UISupportedInterfaceOrientations_iPhone = "UIInterfaceOrientationPortrait UIInterfaceOrientationLandscapeLeft UIInterfaceOrientationLandscapeRight";
				LD_RUNPATH_SEARCH_PATHS = (
					"$(inherited)",
					"@executable_path/Frameworks",
				);
				MARKETING_VERSION = 1.0;
				PRODUCT_BUNDLE_IDENTIFIER = AnissaB.Locations;
				PRODUCT_NAME = "$(TARGET_NAME)";
				SWIFT_EMIT_LOC_STRINGS = YES;
				SWIFT_VERSION = 5.0;
				TARGETED_DEVICE_FAMILY = "1,2";
			};
			name = Release;
		};
		AE48ADA02B0C358700829A79 /* Debug */ = {
			isa = XCBuildConfiguration;
			buildSettings = {
				ALWAYS_EMBED_SWIFT_STANDARD_LIBRARIES = YES;
				BUNDLE_LOADER = "$(TEST_HOST)";
				CODE_SIGN_STYLE = Automatic;
				CURRENT_PROJECT_VERSION = 1;
				DEVELOPMENT_TEAM = 3239Q57S3W;
				GENERATE_INFOPLIST_FILE = YES;
				IPHONEOS_DEPLOYMENT_TARGET = 17.0;
				MARKETING_VERSION = 1.0;
				PRODUCT_BUNDLE_IDENTIFIER = AnissaB.LocationsTests;
				PRODUCT_NAME = "$(TARGET_NAME)";
				SWIFT_EMIT_LOC_STRINGS = NO;
				SWIFT_VERSION = 5.0;
				TARGETED_DEVICE_FAMILY = "1,2";
				TEST_HOST = "$(BUILT_PRODUCTS_DIR)/Locations.app/$(BUNDLE_EXECUTABLE_FOLDER_PATH)/Locations";
			};
			name = Debug;
		};
		AE48ADA12B0C358700829A79 /* Release */ = {
			isa = XCBuildConfiguration;
			buildSettings = {
				ALWAYS_EMBED_SWIFT_STANDARD_LIBRARIES = YES;
				BUNDLE_LOADER = "$(TEST_HOST)";
				CODE_SIGN_STYLE = Automatic;
				CURRENT_PROJECT_VERSION = 1;
				DEVELOPMENT_TEAM = 3239Q57S3W;
				GENERATE_INFOPLIST_FILE = YES;
				IPHONEOS_DEPLOYMENT_TARGET = 17.0;
				MARKETING_VERSION = 1.0;
				PRODUCT_BUNDLE_IDENTIFIER = AnissaB.LocationsTests;
				PRODUCT_NAME = "$(TARGET_NAME)";
				SWIFT_EMIT_LOC_STRINGS = NO;
				SWIFT_VERSION = 5.0;
				TARGETED_DEVICE_FAMILY = "1,2";
				TEST_HOST = "$(BUILT_PRODUCTS_DIR)/Locations.app/$(BUNDLE_EXECUTABLE_FOLDER_PATH)/Locations";
			};
			name = Release;
		};
		AE48ADA32B0C358700829A79 /* Debug */ = {
			isa = XCBuildConfiguration;
			buildSettings = {
				ALWAYS_EMBED_SWIFT_STANDARD_LIBRARIES = YES;
				CODE_SIGN_STYLE = Automatic;
				CURRENT_PROJECT_VERSION = 1;
				DEVELOPMENT_TEAM = 3239Q57S3W;
				GENERATE_INFOPLIST_FILE = YES;
				MARKETING_VERSION = 1.0;
				PRODUCT_BUNDLE_IDENTIFIER = AnissaB.LocationsUITests;
				PRODUCT_NAME = "$(TARGET_NAME)";
				SWIFT_EMIT_LOC_STRINGS = NO;
				SWIFT_VERSION = 5.0;
				TARGETED_DEVICE_FAMILY = "1,2";
				TEST_TARGET_NAME = Locations;
			};
			name = Debug;
		};
		AE48ADA42B0C358700829A79 /* Release */ = {
			isa = XCBuildConfiguration;
			buildSettings = {
				ALWAYS_EMBED_SWIFT_STANDARD_LIBRARIES = YES;
				CODE_SIGN_STYLE = Automatic;
				CURRENT_PROJECT_VERSION = 1;
				DEVELOPMENT_TEAM = 3239Q57S3W;
				GENERATE_INFOPLIST_FILE = YES;
				MARKETING_VERSION = 1.0;
				PRODUCT_BUNDLE_IDENTIFIER = AnissaB.LocationsUITests;
				PRODUCT_NAME = "$(TARGET_NAME)";
				SWIFT_EMIT_LOC_STRINGS = NO;
				SWIFT_VERSION = 5.0;
				TARGETED_DEVICE_FAMILY = "1,2";
				TEST_TARGET_NAME = Locations;
			};
			name = Release;
		};
/* End XCBuildConfiguration section */

/* Begin XCConfigurationList section */
		AE48AD732B0C358600829A79 /* Build configuration list for PBXProject "Locations" */ = {
			isa = XCConfigurationList;
			buildConfigurations = (
				AE48AD9A2B0C358700829A79 /* Debug */,
				AE48AD9B2B0C358700829A79 /* Release */,
			);
			defaultConfigurationIsVisible = 0;
			defaultConfigurationName = Release;
		};
		AE48AD9C2B0C358700829A79 /* Build configuration list for PBXNativeTarget "Locations" */ = {
			isa = XCConfigurationList;
			buildConfigurations = (
				AE48AD9D2B0C358700829A79 /* Debug */,
				AE48AD9E2B0C358700829A79 /* Release */,
			);
			defaultConfigurationIsVisible = 0;
			defaultConfigurationName = Release;
		};
		AE48AD9F2B0C358700829A79 /* Build configuration list for PBXNativeTarget "LocationsTests" */ = {
			isa = XCConfigurationList;
			buildConfigurations = (
				AE48ADA02B0C358700829A79 /* Debug */,
				AE48ADA12B0C358700829A79 /* Release */,
			);
			defaultConfigurationIsVisible = 0;
			defaultConfigurationName = Release;
		};
		AE48ADA22B0C358700829A79 /* Build configuration list for PBXNativeTarget "LocationsUITests" */ = {
			isa = XCConfigurationList;
			buildConfigurations = (
				AE48ADA32B0C358700829A79 /* Debug */,
				AE48ADA42B0C358700829A79 /* Release */,
			);
			defaultConfigurationIsVisible = 0;
			defaultConfigurationName = Release;
		};
/* End XCConfigurationList section */
	};
	rootObject = AE48AD702B0C358600829A79 /* Project object */;
}
